{
  "lockfileVersion": 1,
  "workspaces": {
    "": {
      "dependencies": {
        "@google/generative-ai": "^0.2.1",
      },
    },
  },
  "packages": {
    "@google/generative-ai": ["@google/generative-ai@0.2.1", "", {}, "sha512-gNmMFadfwi7qf/6M9gImgyGJXY1jKQ/de8vGOqgJ0PPYgQ7WwzZDavbKrIuXS2zdqZZaYtxW3EFN6aG9x5wtFw=="],
  }
}
